
Microsoft Visual Studio Solution File, Format Version 12.00
# Visual Studio Version 16
VisualStudioVersion = 16.0.30523.141
MinimumVisualStudioVersion = 10.0.40219.1
Project("{FAE04EC0-301F-11D3-BF4B-00C04F79EFBC}") = "Florist.Api", "Florist.Api.csproj", "{CAAED462-9C21-4AB0-8074-79D9327770E7}"
EndProject
Project("{2150E333-8FDC-42A3-9474-1A3956D46DE8}") = "Dependencies", "Dependencies", "{30ECB9E3-8A31-4263-A105-5B2C77F851BD}"
EndProject
Global
	GlobalSection(SolutionConfigurationPlatforms) = preSolution
		Debug|Any CPU = Debug|Any CPU
		Release|Any CPU = Release|Any CPU
	EndGlobalSection
	GlobalSection(ProjectConfigurationPlatforms) = postSolution
		{CAAED462-9C21-4AB0-8074-79D9327770E7}.Debug|Any CPU.ActiveCfg = Debug|Any CPU
		{CAAED462-9C21-4AB0-8074-79D9327770E7}.Debug|Any CPU.Build.0 = Debug|Any CPU
		{CAAED462-9C21-4AB0-8074-79D9327770E7}.Release|Any CPU.ActiveCfg = Release|Any CPU
		{CAAED462-9C21-4AB0-8074-79D9327770E7}.Release|Any CPU.Build.0 = Release|Any CPU
	EndGlobalSection
	GlobalSection(SolutionProperties) = preSolution
		HideSolutionNode = FALSE
	EndGlobalSection
	GlobalSection(ExtensibilityGlobals) = postSolution
		SolutionGuid = {5A5027CA-A2B7-45BA-B3A1-95C3216D3266}
	EndGlobalSection
EndGlobal
